
Microsoft Visual Studio Solution File, Format Version 12.00
# Visual Studio 15
VisualStudioVersion = 15.0.27428.2043
MinimumVisualStudioVersion = 10.0.40219.1
Project("{2150E333-8FDC-42A3-9474-1A3956D46DE8}") = "src", "src", "{00E462CA-664F-4C54-9262-5D5D3A3FCC1E}"
EndProject
Project("{9A19103F-16F7-4668-BE54-9A1E7A4F7556}") = "AeBlog", "src\AeBlog\AeBlog.csproj", "{04704B59-58E3-46AB-8400-2A3CAB2302A4}"
EndProject
Global
	GlobalSection(SolutionConfigurationPlatforms) = preSolution
		Debug|Any CPU = Debug|Any CPU
		Release|Any CPU = Release|Any CPU
	EndGlobalSection
	GlobalSection(ProjectConfigurationPlatforms) = postSolution
		{04704B59-58E3-46AB-8400-2A3CAB2302A4}.Debug|Any CPU.ActiveCfg = Debug|Any CPU
		{04704B59-58E3-46AB-8400-2A3CAB2302A4}.Debug|Any CPU.Build.0 = Debug|Any CPU
		{04704B59-58E3-46AB-8400-2A3CAB2302A4}.Release|Any CPU.ActiveCfg = Release|Any CPU
		{04704B59-58E3-46AB-8400-2A3CAB2302A4}.Release|Any CPU.Build.0 = Release|Any CPU
	EndGlobalSection
	GlobalSection(SolutionProperties) = preSolution
		HideSolutionNode = FALSE
	EndGlobalSection
	GlobalSection(NestedProjects) = preSolution
		{04704B59-58E3-46AB-8400-2A3CAB2302A4} = {00E462CA-664F-4C54-9262-5D5D3A3FCC1E}
	EndGlobalSection
	GlobalSection(ExtensibilityGlobals) = postSolution
		SolutionGuid = {388852E0-D618-4770-9DD6-761D2AEC9754}
	EndGlobalSection
EndGlobal
